// !$*UTF8*$!
{
	archiveVersion = 1;
	classes = {
	};
	objectVersion = 46;
	objects = {

/* Begin PBXBuildFile section */
		9276F9FB1ECD3F2E00A534D4 /* main.m in Sources */ = {isa = PBXBuildFile; fileRef = 9276F9FA1ECD3F2E00A534D4 /* main.m */; };
		9276F9FE1ECD3F2E00A534D4 /* AppDelegate.m in Sources */ = {isa = PBXBuildFile; fileRef = 9276F9FD1ECD3F2E00A534D4 /* AppDelegate.m */; };
		9276FA011ECD3F2E00A534D4 /* ViewController.m in Sources */ = {isa = PBXBuildFile; fileRef = 9276FA001ECD3F2E00A534D4 /* ViewController.m */; };
		9276FA041ECD3F2E00A534D4 /* Main.storyboard in Resources */ = {isa = PBXBuildFile; fileRef = 9276FA021ECD3F2E00A534D4 /* Main.storyboard */; };
		9276FA061ECD3F2E00A534D4 /* Assets.xcassets in Resources */ = {isa = PBXBuildFile; fileRef = 9276FA051ECD3F2E00A534D4 /* Assets.xcassets */; };
		9276FA091ECD3F2E00A534D4 /* LaunchScreen.storyboard in Resources */ = {isa = PBXBuildFile; fileRef = 9276FA071ECD3F2E00A534D4 /* LaunchScreen.storyboard */; };
		9276FA141ECD3F2F00A534D4 /* ____Tests.m in Sources */ = {isa = PBXBuildFile; fileRef = 9276FA131ECD3F2F00A534D4 /* ____Tests.m */; };
		9276FA1F1ECD3F2F00A534D4 /* ____UITests.m in Sources */ = {isa = PBXBuildFile; fileRef = 9276FA1E1ECD3F2F00A534D4 /* ____UITests.m */; };
/* End PBXBuildFile section */

/* Begin PBXContainerItemProxy section */
		9276FA101ECD3F2F00A534D4 /* PBXContainerItemProxy */ = {
			isa = PBXContainerItemProxy;
			containerPortal = 9276F9EE1ECD3F2E00A534D4 /* Project object */;
			proxyType = 1;
			remoteGlobalIDString = 9276F9F51ECD3F2E00A534D4;
			remoteInfo = "水波波动";
		};
		9276FA1B1ECD3F2F00A534D4 /* PBXContainerItemProxy */ = {
			isa = PBXContainerItemProxy;
			containerPortal = 9276F9EE1ECD3F2E00A534D4 /* Project object */;
			proxyType = 1;
			remoteGlobalIDString = 9276F9F51ECD3F2E00A534D4;
			remoteInfo = "水波波动";
		};
/* End PBXContainerItemProxy section */

/* Begin PBXFileReference section */
		9276F9F61ECD3F2E00A534D4 /* 水波波动.app */ = {isa = PBXFileReference; explicitFileType = wrapper.application; includeInIndex = 0; path = "水波波动.app"; sourceTree = BUILT_PRODUCTS_DIR; };
		9276F9FA1ECD3F2E00A534D4 /* main.m */ = {isa = PBXFileReference; lastKnownFileType = sourcecode.c.objc; path = main.m; sourceTree = "<group>"; };
		9276F9FC1ECD3F2E00A534D4 /* AppDelegate.h */ = {isa = PBXFileReference; lastKnownFileType = sourcecode.c.h; path = AppDelegate.h; sourceTree = "<group>"; };
		9276F9FD1ECD3F2E00A534D4 /* AppDelegate.m */ = {isa = PBXFileReference; lastKnownFileType = sourcecode.c.objc; path = AppDelegate.m; sourceTree = "<group>"; };
		9276F9FF1ECD3F2E00A534D4 /* ViewController.h */ = {isa = PBXFileReference; lastKnownFileType = sourcecode.c.h; path = ViewController.h; sourceTree = "<group>"; };
		9276FA001ECD3F2E00A534D4 /* ViewController.m */ = {isa = PBXFileReference; lastKnownFileType = sourcecode.c.objc; path = ViewController.m; sourceTree = "<group>"; };
		9276FA031ECD3F2E00A534D4 /* Base */ = {isa = PBXFileReference; lastKnownFileType = file.storyboard; name = Base; path = Base.lproj/Main.storyboard; sourceTree = "<group>"; };
		9276FA051ECD3F2E00A534D4 /* Assets.xcassets */ = {isa = PBXFileReference; lastKnownFileType = folder.assetcatalog; path = Assets.xcassets; sourceTree = "<group>"; };
		9276FA081ECD3F2E00A534D4 /* Base */ = {isa = PBXFileReference; lastKnownFileType = file.storyboard; name = Base; path = Base.lproj/LaunchScreen.storyboard; sourceTree = "<group>"; };
		9276FA0A1ECD3F2E00A534D4 /* Info.plist */ = {isa = PBXFileReference; lastKnownFileType = text.plist.xml; path = Info.plist; sourceTree = "<group>"; };
		9276FA0F1ECD3F2F00A534D4 /* 水波波动Tests.xctest */ = {isa = PBXFileReference; explicitFileType = wrapper.cfbundle; includeInIndex = 0; path = "水波波动Tests.xctest"; sourceTree = BUILT_PRODUCTS_DIR; };
		9276FA131ECD3F2F00A534D4 /* ____Tests.m */ = {isa = PBXFileReference; lastKnownFileType = sourcecode.c.objc; path = "____Tests.m"; sourceTree = "<group>"; };
		9276FA151ECD3F2F00A534D4 /* Info.plist */ = {isa = PBXFileReference; lastKnownFileType = text.plist.xml; path = Info.plist; sourceTree = "<group>"; };
		9276FA1A1ECD3F2F00A534D4 /* 水波波动UITests.xctest */ = {isa = PBXFileReference; explicitFileType = wrapper.cfbundle; includeInIndex = 0; path = "水波波动UITests.xctest"; sourceTree = BUILT_PRODUCTS_DIR; };
		9276FA1E1ECD3F2F00A534D4 /* ____UITests.m */ = {isa = PBXFileReference; lastKnownFileType = sourcecode.c.objc; path = "____UITests.m"; sourceTree = "<group>"; };
		9276FA201ECD3F2F00A534D4 /* Info.plist */ = {isa = PBXFileReference; lastKnownFileType = text.plist.xml; path = Info.plist; sourceTree = "<group>"; };
/* End PBXFileReference section */

/* Begin PBXFrameworksBuildPhase section */
		9276F9F31ECD3F2E00A534D4 /* Frameworks */ = {
			isa = PBXFrameworksBuildPhase;
			buildActionMask = 2147483647;
			files = (
			);
			runOnlyForDeploymentPostprocessing = 0;
		};
		9276FA0C1ECD3F2F00A534D4 /* Frameworks */ = {
			isa = PBXFrameworksBuildPhase;
			buildActionMask = 2147483647;
			files = (
			);
			runOnlyForDeploymentPostprocessing = 0;
		};
		9276FA171ECD3F2F00A534D4 /* Frameworks */ = {
			isa = PBXFrameworksBuildPhase;
			buildActionMask = 2147483647;
			files = (
			);
			runOnlyForDeploymentPostprocessing = 0;
		};
/* End PBXFrameworksBuildPhase section */

/* Begin PBXGroup section */
		9276F9ED1ECD3F2E00A534D4 = {
			isa = PBXGroup;
			children = (
				9276F9F81ECD3F2E00A534D4 /* 水波波动 */,
				9276FA121ECD3F2F00A534D4 /* 水波波动Tests */,
				9276FA1D1ECD3F2F00A534D4 /* 水波波动UITests */,
				9276F9F71ECD3F2E00A534D4 /* Products */,
			);
			sourceTree = "<group>";
		};
		9276F9F71ECD3F2E00A534D4 /* Products */ = {
			isa = PBXGroup;
			children = (
				9276F9F61ECD3F2E00A534D4 /* 水波波动.app */,
				9276FA0F1ECD3F2F00A534D4 /* 水波波动Tests.xctest */,
				9276FA1A1ECD3F2F00A534D4 /* 水波波动UITests.xctest */,
			);
			name = Products;
			sourceTree = "<group>";
		};
		9276F9F81ECD3F2E00A534D4 /* 水波波动 */ = {
			isa = PBXGroup;
			children = (
				9276F9FC1ECD3F2E00A534D4 /* AppDelegate.h */,
				9276F9FD1ECD3F2E00A534D4 /* AppDelegate.m */,
				9276F9FF1ECD3F2E00A534D4 /* ViewController.h */,
				9276FA001ECD3F2E00A534D4 /* ViewController.m */,
				9276FA021ECD3F2E00A534D4 /* Main.storyboard */,
				9276FA051ECD3F2E00A534D4 /* Assets.xcassets */,
				9276FA071ECD3F2E00A534D4 /* LaunchScreen.storyboard */,
				9276FA0A1ECD3F2E00A534D4 /* Info.plist */,
				9276F9F91ECD3F2E00A534D4 /* Supporting Files */,
			);
			path = "水波波动";
			sourceTree = "<group>";
		};
		9276F9F91ECD3F2E00A534D4 /* Supporting Files */ = {
			isa = PBXGroup;
			children = (
				9276F9FA1ECD3F2E00A534D4 /* main.m */,
			);
			name = "Supporting Files";
			sourceTree = "<group>";
		};
		9276FA121ECD3F2F00A534D4 /* 水波波动Tests */ = {
			isa = PBXGroup;
			children = (
				9276FA131ECD3F2F00A534D4 /* ____Tests.m */,
				9276FA151ECD3F2F00A534D4 /* Info.plist */,
			);
			path = "水波波动Tests";
			sourceTree = "<group>";
		};
		9276FA1D1ECD3F2F00A534D4 /* 水波波动UITests */ = {
			isa = PBXGroup;
			children = (
				9276FA1E1ECD3F2F00A534D4 /* ____UITests.m */,
				9276FA201ECD3F2F00A534D4 /* Info.plist */,
			);
			path = "水波波动UITests";
			sourceTree = "<group>";
		};
/* End PBXGroup section */

/* Begin PBXNativeTarget section */
		9276F9F51ECD3F2E00A534D4 /* 水波波动 */ = {
			isa = PBXNativeTarget;
			buildConfigurationList = 9276FA231ECD3F2F00A534D4 /* Build configuration list for PBXNativeTarget "水波波动" */;
			buildPhases = (
				9276F9F21ECD3F2E00A534D4 /* Sources */,
				9276F9F31ECD3F2E00A534D4 /* Frameworks */,
				9276F9F41ECD3F2E00A534D4 /* Resources */,
			);
			buildRules = (
			);
			dependencies = (
			);
			name = "水波波动";
			productName = "水波波动";
			productReference = 9276F9F61ECD3F2E00A534D4 /* 水波波动.app */;
			productType = "com.apple.product-type.application";
		};
		9276FA0E1ECD3F2F00A534D4 /* 水波波动Tests */ = {
			isa = PBXNativeTarget;
			buildConfigurationList = 9276FA261ECD3F2F00A534D4 /* Build configuration list for PBXNativeTarget "水波波动Tests" */;
			buildPhases = (
				9276FA0B1ECD3F2F00A534D4 /* Sources */,
				9276FA0C1ECD3F2F00A534D4 /* Frameworks */,
				9276FA0D1ECD3F2F00A534D4 /* Resources */,
			);
			buildRules = (
			);
			dependencies = (
				9276FA111ECD3F2F00A534D4 /* PBXTargetDependency */,
			);
			name = "水波波动Tests";
			productName = "水波波动Tests";
			productReference = 9276FA0F1ECD3F2F00A534D4 /* 水波波动Tests.xctest */;
			productType = "com.apple.product-type.bundle.unit-test";
		};
		9276FA191ECD3F2F00A534D4 /* 水波波动UITests */ = {
			isa = PBXNativeTarget;
			buildConfigurationList = 9276FA291ECD3F2F00A534D4 /* Build configuration list for PBXNativeTarget "水波波动UITests" */;
			buildPhases = (
				9276FA161ECD3F2F00A534D4 /* Sources */,
				9276FA171ECD3F2F00A534D4 /* Frameworks */,
				9276FA181ECD3F2F00A534D4 /* Resources */,
			);
			buildRules = (
			);
			dependencies = (
				9276FA1C1ECD3F2F00A534D4 /* PBXTargetDependency */,
			);
			name = "水波波动UITests";
			productName = "水波波动UITests";
			productReference = 9276FA1A1ECD3F2F00A534D4 /* 水波波动UITests.xctest */;
			productType = "com.apple.product-type.bundle.ui-testing";
		};
/* End PBXNativeTarget section */

/* Begin PBXProject section */
		9276F9EE1ECD3F2E00A534D4 /* Project object */ = {
			isa = PBXProject;
			attributes = {
				LastUpgradeCheck = 0830;
				ORGANIZATIONNAME = "王朝阳";
				TargetAttributes = {
					9276F9F51ECD3F2E00A534D4 = {
						CreatedOnToolsVersion = 8.3.2;
						DevelopmentTeam = G3E3M6XT5U;
						ProvisioningStyle = Automatic;
					};
					9276FA0E1ECD3F2F00A534D4 = {
						CreatedOnToolsVersion = 8.3.2;
						ProvisioningStyle = Automatic;
						TestTargetID = 9276F9F51ECD3F2E00A534D4;
					};
					9276FA191ECD3F2F00A534D4 = {
						CreatedOnToolsVersion = 8.3.2;
						ProvisioningStyle = Automatic;
						TestTargetID = 9276F9F51ECD3F2E00A534D4;
					};
				};
			};
			buildConfigurationList = 9276F9F11ECD3F2E00A534D4 /* Build configuration list for PBXProject "水波波动" */;
			compatibilityVersion = "Xcode 3.2";
			developmentRegion = English;
			hasScannedForEncodings = 0;
			knownRegions = (
				en,
				Base,
			);
			mainGroup = 9276F9ED1ECD3F2E00A534D4;
			productRefGroup = 9276F9F71ECD3F2E00A534D4 /* Products */;
			projectDirPath = "";
			projectRoot = "";
			targets = (
				9276F9F51ECD3F2E00A534D4 /* 水波波动 */,
				9276FA0E1ECD3F2F00A534D4 /* 水波波动Tests */,
				9276FA191ECD3F2F00A534D4 /* 水波波动UITests */,
			);
		};
/* End PBXProject section */

/* Begin PBXResourcesBuildPhase section */
		9276F9F41ECD3F2E00A534D4 /* Resources */ = {
			isa = PBXResourcesBuildPhase;
			buildActionMask = 2147483647;
			files = (
				9276FA091ECD3F2E00A534D4 /* LaunchScreen.storyboard in Resources */,
				9276FA061ECD3F2E00A534D4 /* Assets.xcassets in Resources */,
				9276FA041ECD3F2E00A534D4 /* Main.storyboard in Resources */,
			);
			runOnlyForDeploymentPostprocessing = 0;
		};
		9276FA0D1ECD3F2F00A534D4 /* Resources */ = {
			isa = PBXResourcesBuildPhase;
			buildActionMask = 2147483647;
			files = (
			);
			runOnlyForDeploymentPostprocessing = 0;
		};
		9276FA181ECD3F2F00A534D4 /* Resources */ = {
			isa = PBXResourcesBuildPhase;
			buildActionMask = 2147483647;
			files = (
			);
			runOnlyForDeploymentPostprocessing = 0;
		};
/* End PBXResourcesBuildPhase section */

/* Begin PBXSourcesBuildPhase section */
		9276F9F21ECD3F2E00A534D4 /* Sources */ = {
			isa = PBXSourcesBuildPhase;
			buildActionMask = 2147483647;
			files = (
				9276FA011ECD3F2E00A534D4 /* ViewController.m in Sources */,
				9276F9FE1ECD3F2E00A534D4 /* AppDelegate.m in Sources */,
				9276F9FB1ECD3F2E00A534D4 /* main.m in Sources */,
			);
			runOnlyForDeploymentPostprocessing = 0;
		};
		9276FA0B1ECD3F2F00A534D4 /* Sources */ = {
			isa = PBXSourcesBuildPhase;
			buildActionMask = 2147483647;
			files = (
				9276FA141ECD3F2F00A534D4 /* ____Tests.m in Sources */,
			);
			runOnlyForDeploymentPostprocessing = 0;
		};
		9276FA161ECD3F2F00A534D4 /* Sources */ = {
			isa = PBXSourcesBuildPhase;
			buildActionMask = 2147483647;
			files = (
				9276FA1F1ECD3F2F00A534D4 /* ____UITests.m in Sources */,
			);
			runOnlyForDeploymentPostprocessing = 0;
		};
/* End PBXSourcesBuildPhase section */

/* Begin PBXTargetDependency section */
		9276FA111ECD3F2F00A534D4 /* PBXTargetDependency */ = {
			isa = PBXTargetDependency;
			target = 9276F9F51ECD3F2E00A534D4 /* 水波波动 */;
			targetProxy = 9276FA101ECD3F2F00A534D4 /* PBXContainerItemProxy */;
		};
		9276FA1C1ECD3F2F00A534D4 /* PBXTargetDependency */ = {
			isa = PBXTargetDependency;
			target = 9276F9F51ECD3F2E00A534D4 /* 水波波动 */;
			targetProxy = 9276FA1B1ECD3F2F00A534D4 /* PBXContainerItemProxy */;
		};
/* End PBXTargetDependency section */

/* Begin PBXVariantGroup section */
		9276FA021ECD3F2E00A534D4 /* Main.storyboard */ = {
			isa = PBXVariantGroup;
			children = (
				9276FA031ECD3F2E00A534D4 /* Base */,
			);
			name = Main.storyboard;
			sourceTree = "<group>";
		};
		9276FA071ECD3F2E00A534D4 /* LaunchScreen.storyboard */ = {
			isa = PBXVariantGroup;
			children = (
				9276FA081ECD3F2E00A534D4 /* Base */,
			);
			name = LaunchScreen.storyboard;
			sourceTree = "<group>";
		};
/* End PBXVariantGroup section */

/* Begin XCBuildConfiguration section */
		9276FA211ECD3F2F00A534D4 /* Debug */ = {
			isa = XCBuildConfiguration;
			buildSettings = {
				ALWAYS_SEARCH_USER_PATHS = NO;
				CLANG_ANALYZER_NONNULL = YES;
				CLANG_ANALYZER_NUMBER_OBJECT_CONVERSION = YES_AGGRESSIVE;
				CLANG_CXX_LANGUAGE_STANDARD = "gnu++0x";
				CLANG_CXX_LIBRARY = "libc++";
				CLANG_ENABLE_MODULES = YES;
				CLANG_ENABLE_OBJC_ARC = YES;
				CLANG_WARN_BOOL_CONVERSION = YES;
				CLANG_WARN_CONSTANT_CONVERSION = YES;
				CLANG_WARN_DIRECT_OBJC_ISA_USAGE = YES_ERROR;
				CLANG_WARN_DOCUMENTATION_COMMENTS = YES;
				CLANG_WARN_EMPTY_BODY = YES;
				CLANG_WARN_ENUM_CONVERSION = YES;
				CLANG_WARN_INFINITE_RECURSION = YES;
				CLANG_WARN_INT_CONVERSION = YES;
				CLANG_WARN_OBJC_ROOT_CLASS = YES_ERROR;
				CLANG_WARN_SUSPICIOUS_MOVE = YES;
				CLANG_WARN_UNREACHABLE_CODE = YES;
				CLANG_WARN__DUPLICATE_METHOD_MATCH = YES;
				"CODE_SIGN_IDENTITY[sdk=iphoneos*]" = "iPhone Developer";
				COPY_PHASE_STRIP = NO;
				DEBUG_INFORMATION_FORMAT = dwarf;
				ENABLE_STRICT_OBJC_MSGSEND = YES;
				ENABLE_TESTABILITY = YES;
				GCC_C_LANGUAGE_STANDARD = gnu99;
				GCC_DYNAMIC_NO_PIC = NO;
				GCC_NO_COMMON_BLOCKS = YES;
				GCC_OPTIMIZATION_LEVEL = 0;
				GCC_PREPROCESSOR_DEFINITIONS = (
					"DEBUG=1",
					"$(inherited)",
				);
				GCC_WARN_64_TO_32_BIT_CONVERSION = YES;
				GCC_WARN_ABOUT_RETURN_TYPE = YES_ERROR;
				GCC_WARN_UNDECLARED_SELECTOR = YES;
				GCC_WARN_UNINITIALIZED_AUTOS = YES_AGGRESSIVE;
				GCC_WARN_UNUSED_FUNCTION = YES;
				GCC_WARN_UNUSED_VARIABLE = YES;
				IPHONEOS_DEPLOYMENT_TARGET = 10.3;
				MTL_ENABLE_DEBUG_INFO = YES;
				ONLY_ACTIVE_ARCH = YES;
				SDKROOT = iphoneos;
				TARGETED_DEVICE_FAMILY = "1,2";
			};
			name = Debug;
		};
		9276FA221ECD3F2F00A534D4 /* Release */ = {
			isa = XCBuildConfiguration;
			buildSettings = {
				ALWAYS_SEARCH_USER_PATHS = NO;
				CLANG_ANALYZER_NONNULL = YES;
				CLANG_ANALYZER_NUMBER_OBJECT_CONVERSION = YES_AGGRESSIVE;
				CLANG_CXX_LANGUAGE_STANDARD = "gnu++0x";
				CLANG_CXX_LIBRARY = "libc++";
				CLANG_ENABLE_MODULES = YES;
				CLANG_ENABLE_OBJC_ARC = YES;
				CLANG_WARN_BOOL_CONVERSION = YES;
				CLANG_WARN_CONSTANT_CONVERSION = YES;
				CLANG_WARN_DIRECT_OBJC_ISA_USAGE = YES_ERROR;
				CLANG_WARN_DOCUMENTATION_COMMENTS = YES;
				CLANG_WARN_EMPTY_BODY = YES;
				CLANG_WARN_ENUM_CONVERSION = YES;
				CLANG_WARN_INFINITE_RECURSION = YES;
				CLANG_WARN_INT_CONVERSION = YES;
				CLANG_WARN_OBJC_ROOT_CLASS = YES_ERROR;
				CLANG_WARN_SUSPICIOUS_MOVE = YES;
				CLANG_WARN_UNREACHABLE_CODE = YES;
				CLANG_WARN__DUPLICATE_METHOD_MATCH = YES;
				"CODE_SIGN_IDENTITY[sdk=iphoneos*]" = "iPhone Developer";
				COPY_PHASE_STRIP = NO;
				DEBUG_INFORMATION_FORMAT = "dwarf-with-dsym";
				ENABLE_NS_ASSERTIONS = NO;
				ENABLE_STRICT_OBJC_MSGSEND = YES;
				GCC_C_LANGUAGE_STANDARD = gnu99;
				GCC_NO_COMMON_BLOCKS = YES;
				GCC_WARN_64_TO_32_BIT_CONVERSION = YES;
				GCC_WARN_ABOUT_RETURN_TYPE = YES_ERROR;
				GCC_WARN_UNDECLARED_SELECTOR = YES;
				GCC_WARN_UNINITIALIZED_AUTOS = YES_AGGRESSIVE;
				GCC_WARN_UNUSED_FUNCTION = YES;
				GCC_WARN_UNUSED_VARIABLE = YES;
				IPHONEOS_DEPLOYMENT_TARGET = 10.3;
				MTL_ENABLE_DEBUG_INFO = NO;
				SDKROOT = iphoneos;
				TARGETED_DEVICE_FAMILY = "1,2";
				VALIDATE_PRODUCT = YES;
			};
			name = Release;
		};
		9276FA241ECD3F2F00A534D4 /* Debug */ = {
			isa = XCBuildConfiguration;
			buildSettings = {
				ASSETCATALOG_COMPILER_APPICON_NAME = AppIcon;
				DEVELOPMENT_TEAM = G3E3M6XT5U;
				INFOPLIST_FILE = "水波波动/Info.plist";
				LD_RUNPATH_SEARCH_PATHS = "$(inherited) @executable_path/Frameworks";
				PRODUCT_BUNDLE_IDENTIFIER = "AVORI-iOS.----";
				PRODUCT_NAME = "$(TARGET_NAME)";
			};
			name = Debug;
		};
		9276FA251ECD3F2F00A534D4 /* Release */ = {
			isa = XCBuildConfiguration;
			buildSettings = {
				ASSETCATALOG_COMPILER_APPICON_NAME = AppIcon;
				DEVELOPMENT_TEAM = G3E3M6XT5U;
				INFOPLIST_FILE = "水波波动/Info.plist";
				LD_RUNPATH_SEARCH_PATHS = "$(inherited) @executable_path/Frameworks";
				PRODUCT_BUNDLE_IDENTIFIER = "AVORI-iOS.----";
				PRODUCT_NAME = "$(TARGET_NAME)";
			};
			name = Release;
		};
		9276FA271ECD3F2F00A534D4 /* Debug */ = {
			isa = XCBuildConfiguration;
			buildSettings = {
				BUNDLE_LOADER = "$(TEST_HOST)";
				INFOPLIST_FILE = "水波波动Tests/Info.plist";
				LD_RUNPATH_SEARCH_PATHS = "$(inherited) @executable_path/Frameworks @loader_path/Frameworks";
				PRODUCT_BUNDLE_IDENTIFIER = "AVORI-iOS.----Tests";
				PRODUCT_NAME = "$(TARGET_NAME)";
				TEST_HOST = "$(BUILT_PRODUCTS_DIR)/水波波动.app/水波波动";
			};
			name = Debug;
		};
		9276FA281ECD3F2F00A534D4 /* Release */ = {
			isa = XCBuildConfiguration;
			buildSettings = {
				BUNDLE_LOADER = "$(TEST_HOST)";
				INFOPLIST_FILE = "水波波动Tests/Info.plist";
				LD_RUNPATH_SEARCH_PATHS = "$(inherited) @executable_path/Frameworks @loader_path/Frameworks";
				PRODUCT_BUNDLE_IDENTIFIER = "AVORI-iOS.----Tests";
				PRODUCT_NAME = "$(TARGET_NAME)";
				TEST_HOST = "$(BUILT_PRODUCTS_DIR)/水波波动.app/水波波动";
			};
			name = Release;
		};
		9276FA2A1ECD3F2F00A534D4 /* Debug */ = {
			isa = XCBuildConfiguration;
			buildSettings = {
				INFOPLIST_FILE = "水波波动UITests/Info.plist";
				LD_RUNPATH_SEARCH_PATHS = "$(inherited) @executable_path/Frameworks @loader_path/Frameworks";
				PRODUCT_BUNDLE_IDENTIFIER = "AVORI-iOS.----UITests";
				PRODUCT_NAME = "$(TARGET_NAME)";
				TEST_TARGET_NAME = "水波波动";
			};
			name = Debug;
		};
		9276FA2B1ECD3F2F00A534D4 /* Release */ = {
			isa = XCBuildConfiguration;
			buildSettings = {
				INFOPLIST_FILE = "水波波动UITests/Info.plist";
				LD_RUNPATH_SEARCH_PATHS = "$(inherited) @executable_path/Frameworks @loader_path/Frameworks";
				PRODUCT_BUNDLE_IDENTIFIER = "AVORI-iOS.----UITests";
				PRODUCT_NAME = "$(TARGET_NAME)";
				TEST_TARGET_NAME = "水波波动";
			};
			name = Release;
		};
/* End XCBuildConfiguration section */

/* Begin XCConfigurationList section */
		9276F9F11ECD3F2E00A534D4 /* Build configuration list for PBXProject "水波波动" */ = {
			isa = XCConfigurationList;
			buildConfigurations = (
				9276FA211ECD3F2F00A534D4 /* Debug */,
				9276FA221ECD3F2F00A534D4 /* Release */,
			);
			defaultConfigurationIsVisible = 0;
			defaultConfigurationName = Release;
		};
		9276FA231ECD3F2F00A534D4 /* Build configuration list for PBXNativeTarget "水波波动" */ = {
			isa = XCConfigurationList;
			buildConfigurations = (
				9276FA241ECD3F2F00A534D4 /* Debug */,
				9276FA251ECD3F2F00A534D4 /* Release */,
			);
			defaultConfigurationIsVisible = 0;
		};
		9276FA261ECD3F2F00A534D4 /* Build configuration list for PBXNativeTarget "水波波动Tests" */ = {
			isa = XCConfigurationList;
			buildConfigurations = (
				9276FA271ECD3F2F00A534D4 /* Debug */,
				9276FA281ECD3F2F00A534D4 /* Release */,
			);
			defaultConfigurationIsVisible = 0;
		};
		9276FA291ECD3F2F00A534D4 /* Build configuration list for PBXNativeTarget "水波波动UITests" */ = {
			isa = XCConfigurationList;
			buildConfigurations = (
				9276FA2A1ECD3F2F00A534D4 /* Debug */,
				9276FA2B1ECD3F2F00A534D4 /* Release */,
			);
			defaultConfigurationIsVisible = 0;
		};
/* End XCConfigurationList section */
	};
	rootObject = 9276F9EE1ECD3F2E00A534D4 /* Project object */;
}
